
Microsoft Visual Studio Solution File, Format Version 12.00
# Visual Studio Version 17
VisualStudioVersion = 17.11.35312.102
MinimumVisualStudioVersion = 10.0.40219.1
Project("{9A19103F-16F7-4668-BE54-9A1E7A4F7556}") = "TestAPI", "TestAPI\TestAPI.csproj", "{32F6394A-CD01-4C15-9EC4-C9CE3B125230}"
EndProject
Project("{9A19103F-16F7-4668-BE54-9A1E7A4F7556}") = "ConsoleApplication", "ConsoleApplication\ConsoleApplication.csproj", "{A9C01384-9A89-4C33-AE67-815A8FD4399F}"
EndProject
Project("{FAE04EC0-301F-11D3-BF4B-00C04F79EFBC}") = "RestApiLibrary", "RestApiLibrary\RestApiLibrary.csproj", "{BFA472D8-5116-441A-B815-E8DB32B16323}"
EndProject
Global
	GlobalSection(SolutionConfigurationPlatforms) = preSolution
		Debug|Any CPU = Debug|Any CPU
		Release|Any CPU = Release|Any CPU
	EndGlobalSection
	GlobalSection(ProjectConfigurationPlatforms) = postSolution
		{32F6394A-CD01-4C15-9EC4-C9CE3B125230}.Debug|Any CPU.ActiveCfg = Debug|Any CPU
		{32F6394A-CD01-4C15-9EC4-C9CE3B125230}.Debug|Any CPU.Build.0 = Debug|Any CPU
		{32F6394A-CD01-4C15-9EC4-C9CE3B125230}.Release|Any CPU.ActiveCfg = Release|Any CPU
		{32F6394A-CD01-4C15-9EC4-C9CE3B125230}.Release|Any CPU.Build.0 = Release|Any CPU
		{A9C01384-9A89-4C33-AE67-815A8FD4399F}.Debug|Any CPU.ActiveCfg = Debug|Any CPU
		{A9C01384-9A89-4C33-AE67-815A8FD4399F}.Debug|Any CPU.Build.0 = Debug|Any CPU
		{A9C01384-9A89-4C33-AE67-815A8FD4399F}.Release|Any CPU.ActiveCfg = Release|Any CPU
		{A9C01384-9A89-4C33-AE67-815A8FD4399F}.Release|Any CPU.Build.0 = Release|Any CPU
		{BFA472D8-5116-441A-B815-E8DB32B16323}.Debug|Any CPU.ActiveCfg = Debug|Any CPU
		{BFA472D8-5116-441A-B815-E8DB32B16323}.Debug|Any CPU.Build.0 = Debug|Any CPU
		{BFA472D8-5116-441A-B815-E8DB32B16323}.Release|Any CPU.ActiveCfg = Release|Any CPU
		{BFA472D8-5116-441A-B815-E8DB32B16323}.Release|Any CPU.Build.0 = Release|Any CPU
	EndGlobalSection
	GlobalSection(SolutionProperties) = preSolution
		HideSolutionNode = FALSE
	EndGlobalSection
	GlobalSection(ExtensibilityGlobals) = postSolution
		SolutionGuid = {7251EFEE-8E3F-44C1-96A2-1EA2FD51A49D}
	EndGlobalSection
EndGlobal
